# This file is generated automatically. Do not edit.
{
  version: 1,
  packages: [
    {
      name: "nu-salesforce",
      git: "https://github.com/freepicheep/nu-salesforce",
      tag: "v0.3.2",
      rev: "68ade5f59f20645b3ddc959ce4a497dab39dc68b",
      sha256: "cbcd3656edd39927af8cd5fa8faea0e9f8878814f604a862816835100fc6342e",
    },
    {
      name: "nu_plugin_polars",
      kind: "plugin",
      git: "nu-core",
      rev: "nu-0.110.0",
      path: "nu_plugin_polars",
      sha256: "aa6b0498c920103a3fceda3111e7686842d40d79105130a60f7de4ba12359b82",
    },
  ],
}
