# This file is generated automatically. Do not edit.
version = 1

[[package]]
name = "nu-salesforce"
git = "https://github.com/freepicheep/nu-salesforce"
tag = "v0.3.1"
rev = "307444896bd774b4af2435422db8548e1a0a0a7d"
sha256 = "e1f1fe57278414046b8ceee277c2f7a96d674e175815bf82cad8cbf3915026e5"

[[package]]
name = "nu_plugin_polars"
kind = "plugin"
git = "nu-core"
rev = "nu-0.110.0"
path = "nu_plugin_polars"
sha256 = "aa6b0498c920103a3fceda3111e7686842d40d79105130a60f7de4ba12359b82"
